{
  "object": {
    "pins": [
      {
        "package": "FoundationUtils",
        "repositoryURL": "https://github.com/cfergie/foundation-utils.git",
        "state": {
          "branch": null,
          "revision": "f4357569ad0fad941ffd6c2d65faed91d6b5be31",
          "version": "0.0.1"
        }
      }
    ]
  },
  "version": 1
}
